// !$*UTF8*$!
{
	archiveVersion = 1;
	classes = {
	};
	objectVersion = 46;
	objects = {

/* Begin PBXBuildFile section */
		A30DBBC21D927C930006744F /* AppDelegate.swift in Sources */ = {isa = PBXBuildFile; fileRef = A30DBBC11D927C930006744F /* AppDelegate.swift */; };
		A30DBBC41D927C930006744F /* ViewController.swift in Sources */ = {isa = PBXBuildFile; fileRef = A30DBBC31D927C930006744F /* ViewController.swift */; };
		A30DBBC71D927C930006744F /* Main.storyboard in Resources */ = {isa = PBXBuildFile; fileRef = A30DBBC51D927C930006744F /* Main.storyboard */; };
		A30DBBC91D927C930006744F /* Assets.xcassets in Resources */ = {isa = PBXBuildFile; fileRef = A30DBBC81D927C930006744F /* Assets.xcassets */; };
		A30DBBCC1D927C930006744F /* LaunchScreen.storyboard in Resources */ = {isa = PBXBuildFile; fileRef = A30DBBCA1D927C930006744F /* LaunchScreen.storyboard */; };
		A30DBBD71D927C930006744F /* TransitionSegmentTests.swift in Sources */ = {isa = PBXBuildFile; fileRef = A30DBBD61D927C930006744F /* TransitionSegmentTests.swift */; };
		A30DBBE21D927C930006744F /* TransitionSegmentUITests.swift in Sources */ = {isa = PBXBuildFile; fileRef = A30DBBE11D927C930006744F /* TransitionSegmentUITests.swift */; };
		A30DBBF31D927CF00006744F /* DXMacros.swift in Sources */ = {isa = PBXBuildFile; fileRef = A30DBBF01D927CF00006744F /* DXMacros.swift */; };
		A30DBBF41D927CF00006744F /* TransitionSegmentView.swift in Sources */ = {isa = PBXBuildFile; fileRef = A30DBBF11D927CF00006744F /* TransitionSegmentView.swift */; };
		A30DBBF51D927CF00006744F /* UIView+Extension.swift in Sources */ = {isa = PBXBuildFile; fileRef = A30DBBF21D927CF00006744F /* UIView+Extension.swift */; };
/* End PBXBuildFile section */

/* Begin PBXContainerItemProxy section */
		A30DBBD31D927C930006744F /* PBXContainerItemProxy */ = {
			isa = PBXContainerItemProxy;
			containerPortal = A30DBBB61D927C930006744F /* Project object */;
			proxyType = 1;
			remoteGlobalIDString = A30DBBBD1D927C930006744F;
			remoteInfo = TransitionSegment;
		};
		A30DBBDE1D927C930006744F /* PBXContainerItemProxy */ = {
			isa = PBXContainerItemProxy;
			containerPortal = A30DBBB61D927C930006744F /* Project object */;
			proxyType = 1;
			remoteGlobalIDString = A30DBBBD1D927C930006744F;
			remoteInfo = TransitionSegment;
		};
/* End PBXContainerItemProxy section */

/* Begin PBXFileReference section */
		A30DBBBE1D927C930006744F /* TransitionSegment.app */ = {isa = PBXFileReference; explicitFileType = wrapper.application; includeInIndex = 0; path = TransitionSegment.app; sourceTree = BUILT_PRODUCTS_DIR; };
		A30DBBC11D927C930006744F /* AppDelegate.swift */ = {isa = PBXFileReference; lastKnownFileType = sourcecode.swift; path = AppDelegate.swift; sourceTree = "<group>"; };
		A30DBBC31D927C930006744F /* ViewController.swift */ = {isa = PBXFileReference; lastKnownFileType = sourcecode.swift; path = ViewController.swift; sourceTree = "<group>"; };
		A30DBBC61D927C930006744F /* Base */ = {isa = PBXFileReference; lastKnownFileType = file.storyboard; name = Base; path = Base.lproj/Main.storyboard; sourceTree = "<group>"; };
		A30DBBC81D927C930006744F /* Assets.xcassets */ = {isa = PBXFileReference; lastKnownFileType = folder.assetcatalog; path = Assets.xcassets; sourceTree = "<group>"; };
		A30DBBCB1D927C930006744F /* Base */ = {isa = PBXFileReference; lastKnownFileType = file.storyboard; name = Base; path = Base.lproj/LaunchScreen.storyboard; sourceTree = "<group>"; };
		A30DBBCD1D927C930006744F /* Info.plist */ = {isa = PBXFileReference; lastKnownFileType = text.plist.xml; path = Info.plist; sourceTree = "<group>"; };
		A30DBBD21D927C930006744F /* TransitionSegmentTests.xctest */ = {isa = PBXFileReference; explicitFileType = wrapper.cfbundle; includeInIndex = 0; path = TransitionSegmentTests.xctest; sourceTree = BUILT_PRODUCTS_DIR; };
		A30DBBD61D927C930006744F /* TransitionSegmentTests.swift */ = {isa = PBXFileReference; lastKnownFileType = sourcecode.swift; path = TransitionSegmentTests.swift; sourceTree = "<group>"; };
		A30DBBD81D927C930006744F /* Info.plist */ = {isa = PBXFileReference; lastKnownFileType = text.plist.xml; path = Info.plist; sourceTree = "<group>"; };
		A30DBBDD1D927C930006744F /* TransitionSegmentUITests.xctest */ = {isa = PBXFileReference; explicitFileType = wrapper.cfbundle; includeInIndex = 0; path = TransitionSegmentUITests.xctest; sourceTree = BUILT_PRODUCTS_DIR; };
		A30DBBE11D927C930006744F /* TransitionSegmentUITests.swift */ = {isa = PBXFileReference; lastKnownFileType = sourcecode.swift; path = TransitionSegmentUITests.swift; sourceTree = "<group>"; };
		A30DBBE31D927C930006744F /* Info.plist */ = {isa = PBXFileReference; lastKnownFileType = text.plist.xml; path = Info.plist; sourceTree = "<group>"; };
		A30DBBF01D927CF00006744F /* DXMacros.swift */ = {isa = PBXFileReference; fileEncoding = 4; lastKnownFileType = sourcecode.swift; path = DXMacros.swift; sourceTree = "<group>"; };
		A30DBBF11D927CF00006744F /* TransitionSegmentView.swift */ = {isa = PBXFileReference; fileEncoding = 4; lastKnownFileType = sourcecode.swift; path = TransitionSegmentView.swift; sourceTree = "<group>"; };
		A30DBBF21D927CF00006744F /* UIView+Extension.swift */ = {isa = PBXFileReference; fileEncoding = 4; lastKnownFileType = sourcecode.swift; path = "UIView+Extension.swift"; sourceTree = "<group>"; };
/* End PBXFileReference section */

/* Begin PBXFrameworksBuildPhase section */
		A30DBBBB1D927C930006744F /* Frameworks */ = {
			isa = PBXFrameworksBuildPhase;
			buildActionMask = 2147483647;
			files = (
			);
			runOnlyForDeploymentPostprocessing = 0;
		};
		A30DBBCF1D927C930006744F /* Frameworks */ = {
			isa = PBXFrameworksBuildPhase;
			buildActionMask = 2147483647;
			files = (
			);
			runOnlyForDeploymentPostprocessing = 0;
		};
		A30DBBDA1D927C930006744F /* Frameworks */ = {
			isa = PBXFrameworksBuildPhase;
			buildActionMask = 2147483647;
			files = (
			);
			runOnlyForDeploymentPostprocessing = 0;
		};
/* End PBXFrameworksBuildPhase section */

/* Begin PBXGroup section */
		A30DBBB51D927C930006744F = {
			isa = PBXGroup;
			children = (
				A30DBBC01D927C930006744F /* TransitionSegment */,
				A30DBBD51D927C930006744F /* TransitionSegmentTests */,
				A30DBBE01D927C930006744F /* TransitionSegmentUITests */,
				A30DBBBF1D927C930006744F /* Products */,
			);
			sourceTree = "<group>";
		};
		A30DBBBF1D927C930006744F /* Products */ = {
			isa = PBXGroup;
			children = (
				A30DBBBE1D927C930006744F /* TransitionSegment.app */,
				A30DBBD21D927C930006744F /* TransitionSegmentTests.xctest */,
				A30DBBDD1D927C930006744F /* TransitionSegmentUITests.xctest */,
			);
			name = Products;
			sourceTree = "<group>";
		};
		A30DBBC01D927C930006744F /* TransitionSegment */ = {
			isa = PBXGroup;
			children = (
				A30DBBEF1D927CF00006744F /* TransitionSegmentView */,
				A30DBBC11D927C930006744F /* AppDelegate.swift */,
				A30DBBC31D927C930006744F /* ViewController.swift */,
				A30DBBC51D927C930006744F /* Main.storyboard */,
				A30DBBC81D927C930006744F /* Assets.xcassets */,
				A30DBBCA1D927C930006744F /* LaunchScreen.storyboard */,
				A30DBBCD1D927C930006744F /* Info.plist */,
			);
			path = TransitionSegment;
			sourceTree = "<group>";
		};
		A30DBBD51D927C930006744F /* TransitionSegmentTests */ = {
			isa = PBXGroup;
			children = (
				A30DBBD61D927C930006744F /* TransitionSegmentTests.swift */,
				A30DBBD81D927C930006744F /* Info.plist */,
			);
			path = TransitionSegmentTests;
			sourceTree = "<group>";
		};
		A30DBBE01D927C930006744F /* TransitionSegmentUITests */ = {
			isa = PBXGroup;
			children = (
				A30DBBE11D927C930006744F /* TransitionSegmentUITests.swift */,
				A30DBBE31D927C930006744F /* Info.plist */,
			);
			path = TransitionSegmentUITests;
			sourceTree = "<group>";
		};
		A30DBBEF1D927CF00006744F /* TransitionSegmentView */ = {
			isa = PBXGroup;
			children = (
				A30DBBF01D927CF00006744F /* DXMacros.swift */,
				A30DBBF11D927CF00006744F /* TransitionSegmentView.swift */,
				A30DBBF21D927CF00006744F /* UIView+Extension.swift */,
			);
			path = TransitionSegmentView;
			sourceTree = "<group>";
		};
/* End PBXGroup section */

/* Begin PBXNativeTarget section */
		A30DBBBD1D927C930006744F /* TransitionSegment */ = {
			isa = PBXNativeTarget;
			buildConfigurationList = A30DBBE61D927C930006744F /* Build configuration list for PBXNativeTarget "TransitionSegment" */;
			buildPhases = (
				A30DBBBA1D927C930006744F /* Sources */,
				A30DBBBB1D927C930006744F /* Frameworks */,
				A30DBBBC1D927C930006744F /* Resources */,
			);
			buildRules = (
			);
			dependencies = (
			);
			name = TransitionSegment;
			productName = TransitionSegment;
			productReference = A30DBBBE1D927C930006744F /* TransitionSegment.app */;
			productType = "com.apple.product-type.application";
		};
		A30DBBD11D927C930006744F /* TransitionSegmentTests */ = {
			isa = PBXNativeTarget;
			buildConfigurationList = A30DBBE91D927C930006744F /* Build configuration list for PBXNativeTarget "TransitionSegmentTests" */;
			buildPhases = (
				A30DBBCE1D927C930006744F /* Sources */,
				A30DBBCF1D927C930006744F /* Frameworks */,
				A30DBBD01D927C930006744F /* Resources */,
			);
			buildRules = (
			);
			dependencies = (
				A30DBBD41D927C930006744F /* PBXTargetDependency */,
			);
			name = TransitionSegmentTests;
			productName = TransitionSegmentTests;
			productReference = A30DBBD21D927C930006744F /* TransitionSegmentTests.xctest */;
			productType = "com.apple.product-type.bundle.unit-test";
		};
		A30DBBDC1D927C930006744F /* TransitionSegmentUITests */ = {
			isa = PBXNativeTarget;
			buildConfigurationList = A30DBBEC1D927C930006744F /* Build configuration list for PBXNativeTarget "TransitionSegmentUITests" */;
			buildPhases = (
				A30DBBD91D927C930006744F /* Sources */,
				A30DBBDA1D927C930006744F /* Frameworks */,
				A30DBBDB1D927C930006744F /* Resources */,
			);
			buildRules = (
			);
			dependencies = (
				A30DBBDF1D927C930006744F /* PBXTargetDependency */,
			);
			name = TransitionSegmentUITests;
			productName = TransitionSegmentUITests;
			productReference = A30DBBDD1D927C930006744F /* TransitionSegmentUITests.xctest */;
			productType = "com.apple.product-type.bundle.ui-testing";
		};
/* End PBXNativeTarget section */

/* Begin PBXProject section */
		A30DBBB61D927C930006744F /* Project object */ = {
			isa = PBXProject;
			attributes = {
				LastSwiftUpdateCheck = 0800;
				LastUpgradeCheck = 0800;
				ORGANIZATIONNAME = wuliu;
				TargetAttributes = {
					A30DBBBD1D927C930006744F = {
						CreatedOnToolsVersion = 8.0;
						DevelopmentTeam = MJK46JU63A;
						ProvisioningStyle = Automatic;
					};
					A30DBBD11D927C930006744F = {
						CreatedOnToolsVersion = 8.0;
						DevelopmentTeam = MJK46JU63A;
						ProvisioningStyle = Automatic;
						TestTargetID = A30DBBBD1D927C930006744F;
					};
					A30DBBDC1D927C930006744F = {
						CreatedOnToolsVersion = 8.0;
						DevelopmentTeam = MJK46JU63A;
						ProvisioningStyle = Automatic;
						TestTargetID = A30DBBBD1D927C930006744F;
					};
				};
			};
			buildConfigurationList = A30DBBB91D927C930006744F /* Build configuration list for PBXProject "TransitionSegment" */;
			compatibilityVersion = "Xcode 3.2";
			developmentRegion = English;
			hasScannedForEncodings = 0;
			knownRegions = (
				en,
				Base,
			);
			mainGroup = A30DBBB51D927C930006744F;
			productRefGroup = A30DBBBF1D927C930006744F /* Products */;
			projectDirPath = "";
			projectRoot = "";
			targets = (
				A30DBBBD1D927C930006744F /* TransitionSegment */,
				A30DBBD11D927C930006744F /* TransitionSegmentTests */,
				A30DBBDC1D927C930006744F /* TransitionSegmentUITests */,
			);
		};
/* End PBXProject section */

/* Begin PBXResourcesBuildPhase section */
		A30DBBBC1D927C930006744F /* Resources */ = {
			isa = PBXResourcesBuildPhase;
			buildActionMask = 2147483647;
			files = (
				A30DBBCC1D927C930006744F /* LaunchScreen.storyboard in Resources */,
				A30DBBC91D927C930006744F /* Assets.xcassets in Resources */,
				A30DBBC71D927C930006744F /* Main.storyboard in Resources */,
			);
			runOnlyForDeploymentPostprocessing = 0;
		};
		A30DBBD01D927C930006744F /* Resources */ = {
			isa = PBXResourcesBuildPhase;
			buildActionMask = 2147483647;
			files = (
			);
			runOnlyForDeploymentPostprocessing = 0;
		};
		A30DBBDB1D927C930006744F /* Resources */ = {
			isa = PBXResourcesBuildPhase;
			buildActionMask = 2147483647;
			files = (
			);
			runOnlyForDeploymentPostprocessing = 0;
		};
/* End PBXResourcesBuildPhase section */

/* Begin PBXSourcesBuildPhase section */
		A30DBBBA1D927C930006744F /* Sources */ = {
			isa = PBXSourcesBuildPhase;
			buildActionMask = 2147483647;
			files = (
				A30DBBC41D927C930006744F /* ViewController.swift in Sources */,
				A30DBBC21D927C930006744F /* AppDelegate.swift in Sources */,
				A30DBBF31D927CF00006744F /* DXMacros.swift in Sources */,
				A30DBBF51D927CF00006744F /* UIView+Extension.swift in Sources */,
				A30DBBF41D927CF00006744F /* TransitionSegmentView.swift in Sources */,
			);
			runOnlyForDeploymentPostprocessing = 0;
		};
		A30DBBCE1D927C930006744F /* Sources */ = {
			isa = PBXSourcesBuildPhase;
			buildActionMask = 2147483647;
			files = (
				A30DBBD71D927C930006744F /* TransitionSegmentTests.swift in Sources */,
			);
			runOnlyForDeploymentPostprocessing = 0;
		};
		A30DBBD91D927C930006744F /* Sources */ = {
			isa = PBXSourcesBuildPhase;
			buildActionMask = 2147483647;
			files = (
				A30DBBE21D927C930006744F /* TransitionSegmentUITests.swift in Sources */,
			);
			runOnlyForDeploymentPostprocessing = 0;
		};
/* End PBXSourcesBuildPhase section */

/* Begin PBXTargetDependency section */
		A30DBBD41D927C930006744F /* PBXTargetDependency */ = {
			isa = PBXTargetDependency;
			target = A30DBBBD1D927C930006744F /* TransitionSegment */;
			targetProxy = A30DBBD31D927C930006744F /* PBXContainerItemProxy */;
		};
		A30DBBDF1D927C930006744F /* PBXTargetDependency */ = {
			isa = PBXTargetDependency;
			target = A30DBBBD1D927C930006744F /* TransitionSegment */;
			targetProxy = A30DBBDE1D927C930006744F /* PBXContainerItemProxy */;
		};
/* End PBXTargetDependency section */

/* Begin PBXVariantGroup section */
		A30DBBC51D927C930006744F /* Main.storyboard */ = {
			isa = PBXVariantGroup;
			children = (
				A30DBBC61D927C930006744F /* Base */,
			);
			name = Main.storyboard;
			sourceTree = "<group>";
		};
		A30DBBCA1D927C930006744F /* LaunchScreen.storyboard */ = {
			isa = PBXVariantGroup;
			children = (
				A30DBBCB1D927C930006744F /* Base */,
			);
			name = LaunchScreen.storyboard;
			sourceTree = "<group>";
		};
/* End PBXVariantGroup section */

/* Begin XCBuildConfiguration section */
		A30DBBE41D927C930006744F /* Debug */ = {
			isa = XCBuildConfiguration;
			buildSettings = {
				ALWAYS_SEARCH_USER_PATHS = NO;
				CLANG_ANALYZER_NONNULL = YES;
				CLANG_CXX_LANGUAGE_STANDARD = "gnu++0x";
				CLANG_CXX_LIBRARY = "libc++";
				CLANG_ENABLE_MODULES = YES;
				CLANG_ENABLE_OBJC_ARC = YES;
				CLANG_WARN_BOOL_CONVERSION = YES;
				CLANG_WARN_CONSTANT_CONVERSION = YES;
				CLANG_WARN_DIRECT_OBJC_ISA_USAGE = YES_ERROR;
				CLANG_WARN_DOCUMENTATION_COMMENTS = YES;
				CLANG_WARN_EMPTY_BODY = YES;
				CLANG_WARN_ENUM_CONVERSION = YES;
				CLANG_WARN_INFINITE_RECURSION = YES;
				CLANG_WARN_INT_CONVERSION = YES;
				CLANG_WARN_OBJC_ROOT_CLASS = YES_ERROR;
				CLANG_WARN_SUSPICIOUS_MOVES = YES;
				CLANG_WARN_UNREACHABLE_CODE = YES;
				CLANG_WARN__DUPLICATE_METHOD_MATCH = YES;
				"CODE_SIGN_IDENTITY[sdk=iphoneos*]" = "iPhone Developer";
				COPY_PHASE_STRIP = NO;
				DEBUG_INFORMATION_FORMAT = dwarf;
				ENABLE_STRICT_OBJC_MSGSEND = YES;
				ENABLE_TESTABILITY = YES;
				GCC_C_LANGUAGE_STANDARD = gnu99;
				GCC_DYNAMIC_NO_PIC = NO;
				GCC_NO_COMMON_BLOCKS = YES;
				GCC_OPTIMIZATION_LEVEL = 0;
				GCC_PREPROCESSOR_DEFINITIONS = (
					"DEBUG=1",
					"$(inherited)",
				);
				GCC_WARN_64_TO_32_BIT_CONVERSION = YES;
				GCC_WARN_ABOUT_RETURN_TYPE = YES_ERROR;
				GCC_WARN_UNDECLARED_SELECTOR = YES;
				GCC_WARN_UNINITIALIZED_AUTOS = YES_AGGRESSIVE;
				GCC_WARN_UNUSED_FUNCTION = YES;
				GCC_WARN_UNUSED_VARIABLE = YES;
				IPHONEOS_DEPLOYMENT_TARGET = 10.0;
				MTL_ENABLE_DEBUG_INFO = YES;
				ONLY_ACTIVE_ARCH = YES;
				SDKROOT = iphoneos;
				SWIFT_ACTIVE_COMPILATION_CONDITIONS = DEBUG;
				SWIFT_OPTIMIZATION_LEVEL = "-Onone";
				TARGETED_DEVICE_FAMILY = "1,2";
			};
			name = Debug;
		};
		A30DBBE51D927C930006744F /* Release */ = {
			isa = XCBuildConfiguration;
			buildSettings = {
				ALWAYS_SEARCH_USER_PATHS = NO;
				CLANG_ANALYZER_NONNULL = YES;
				CLANG_CXX_LANGUAGE_STANDARD = "gnu++0x";
				CLANG_CXX_LIBRARY = "libc++";
				CLANG_ENABLE_MODULES = YES;
				CLANG_ENABLE_OBJC_ARC = YES;
				CLANG_WARN_BOOL_CONVERSION = YES;
				CLANG_WARN_CONSTANT_CONVERSION = YES;
				CLANG_WARN_DIRECT_OBJC_ISA_USAGE = YES_ERROR;
				CLANG_WARN_DOCUMENTATION_COMMENTS = YES;
				CLANG_WARN_EMPTY_BODY = YES;
				CLANG_WARN_ENUM_CONVERSION = YES;
				CLANG_WARN_INFINITE_RECURSION = YES;
				CLANG_WARN_INT_CONVERSION = YES;
				CLANG_WARN_OBJC_ROOT_CLASS = YES_ERROR;
				CLANG_WARN_SUSPICIOUS_MOVES = YES;
				CLANG_WARN_UNREACHABLE_CODE = YES;
				CLANG_WARN__DUPLICATE_METHOD_MATCH = YES;
				"CODE_SIGN_IDENTITY[sdk=iphoneos*]" = "iPhone Developer";
				COPY_PHASE_STRIP = NO;
				DEBUG_INFORMATION_FORMAT = "dwarf-with-dsym";
				ENABLE_NS_ASSERTIONS = NO;
				ENABLE_STRICT_OBJC_MSGSEND = YES;
				GCC_C_LANGUAGE_STANDARD = gnu99;
				GCC_NO_COMMON_BLOCKS = YES;
				GCC_WARN_64_TO_32_BIT_CONVERSION = YES;
				GCC_WARN_ABOUT_RETURN_TYPE = YES_ERROR;
				GCC_WARN_UNDECLARED_SELECTOR = YES;
				GCC_WARN_UNINITIALIZED_AUTOS = YES_AGGRESSIVE;
				GCC_WARN_UNUSED_FUNCTION = YES;
				GCC_WARN_UNUSED_VARIABLE = YES;
				IPHONEOS_DEPLOYMENT_TARGET = 10.0;
				MTL_ENABLE_DEBUG_INFO = NO;
				SDKROOT = iphoneos;
				SWIFT_OPTIMIZATION_LEVEL = "-Owholemodule";
				TARGETED_DEVICE_FAMILY = "1,2";
				VALIDATE_PRODUCT = YES;
			};
			name = Release;
		};
		A30DBBE71D927C930006744F /* Debug */ = {
			isa = XCBuildConfiguration;
			buildSettings = {
				ASSETCATALOG_COMPILER_APPICON_NAME = AppIcon;
				DEVELOPMENT_TEAM = MJK46JU63A;
				INFOPLIST_FILE = TransitionSegment/Info.plist;
				LD_RUNPATH_SEARCH_PATHS = "$(inherited) @executable_path/Frameworks";
				PRODUCT_BUNDLE_IDENTIFIER = com.xu.test.TransitionSegment;
				PRODUCT_NAME = "$(TARGET_NAME)";
				SWIFT_VERSION = 3.0;
			};
			name = Debug;
		};
		A30DBBE81D927C930006744F /* Release */ = {
			isa = XCBuildConfiguration;
			buildSettings = {
				ASSETCATALOG_COMPILER_APPICON_NAME = AppIcon;
				DEVELOPMENT_TEAM = MJK46JU63A;
				INFOPLIST_FILE = TransitionSegment/Info.plist;
				LD_RUNPATH_SEARCH_PATHS = "$(inherited) @executable_path/Frameworks";
				PRODUCT_BUNDLE_IDENTIFIER = com.xu.test.TransitionSegment;
				PRODUCT_NAME = "$(TARGET_NAME)";
				SWIFT_VERSION = 3.0;
			};
			name = Release;
		};
		A30DBBEA1D927C930006744F /* Debug */ = {
			isa = XCBuildConfiguration;
			buildSettings = {
				ALWAYS_EMBED_SWIFT_STANDARD_LIBRARIES = YES;
				BUNDLE_LOADER = "$(TEST_HOST)";
				DEVELOPMENT_TEAM = MJK46JU63A;
				INFOPLIST_FILE = TransitionSegmentTests/Info.plist;
				LD_RUNPATH_SEARCH_PATHS = "$(inherited) @executable_path/Frameworks @loader_path/Frameworks";
				PRODUCT_BUNDLE_IDENTIFIER = com.xu.test.TransitionSegmentTests;
				PRODUCT_NAME = "$(TARGET_NAME)";
				SWIFT_VERSION = 3.0;
				TEST_HOST = "$(BUILT_PRODUCTS_DIR)/TransitionSegment.app/TransitionSegment";
			};
			name = Debug;
		};
		A30DBBEB1D927C930006744F /* Release */ = {
			isa = XCBuildConfiguration;
			buildSettings = {
				ALWAYS_EMBED_SWIFT_STANDARD_LIBRARIES = YES;
				BUNDLE_LOADER = "$(TEST_HOST)";
				DEVELOPMENT_TEAM = MJK46JU63A;
				INFOPLIST_FILE = TransitionSegmentTests/Info.plist;
				LD_RUNPATH_SEARCH_PATHS = "$(inherited) @executable_path/Frameworks @loader_path/Frameworks";
				PRODUCT_BUNDLE_IDENTIFIER = com.xu.test.TransitionSegmentTests;
				PRODUCT_NAME = "$(TARGET_NAME)";
				SWIFT_VERSION = 3.0;
				TEST_HOST = "$(BUILT_PRODUCTS_DIR)/TransitionSegment.app/TransitionSegment";
			};
			name = Release;
		};
		A30DBBED1D927C930006744F /* Debug */ = {
			isa = XCBuildConfiguration;
			buildSettings = {
				ALWAYS_EMBED_SWIFT_STANDARD_LIBRARIES = YES;
				DEVELOPMENT_TEAM = MJK46JU63A;
				INFOPLIST_FILE = TransitionSegmentUITests/Info.plist;
				LD_RUNPATH_SEARCH_PATHS = "$(inherited) @executable_path/Frameworks @loader_path/Frameworks";
				PRODUCT_BUNDLE_IDENTIFIER = com.xu.test.TransitionSegmentUITests;
				PRODUCT_NAME = "$(TARGET_NAME)";
				SWIFT_VERSION = 3.0;
				TEST_TARGET_NAME = TransitionSegment;
			};
			name = Debug;
		};
		A30DBBEE1D927C930006744F /* Release */ = {
			isa = XCBuildConfiguration;
			buildSettings = {
				ALWAYS_EMBED_SWIFT_STANDARD_LIBRARIES = YES;
				DEVELOPMENT_TEAM = MJK46JU63A;
				INFOPLIST_FILE = TransitionSegmentUITests/Info.plist;
				LD_RUNPATH_SEARCH_PATHS = "$(inherited) @executable_path/Frameworks @loader_path/Frameworks";
				PRODUCT_BUNDLE_IDENTIFIER = com.xu.test.TransitionSegmentUITests;
				PRODUCT_NAME = "$(TARGET_NAME)";
				SWIFT_VERSION = 3.0;
				TEST_TARGET_NAME = TransitionSegment;
			};
			name = Release;
		};
/* End XCBuildConfiguration section */

/* Begin XCConfigurationList section */
		A30DBBB91D927C930006744F /* Build configuration list for PBXProject "TransitionSegment" */ = {
			isa = XCConfigurationList;
			buildConfigurations = (
				A30DBBE41D927C930006744F /* Debug */,
				A30DBBE51D927C930006744F /* Release */,
			);
			defaultConfigurationIsVisible = 0;
			defaultConfigurationName = Release;
		};
		A30DBBE61D927C930006744F /* Build configuration list for PBXNativeTarget "TransitionSegment" */ = {
			isa = XCConfigurationList;
			buildConfigurations = (
				A30DBBE71D927C930006744F /* Debug */,
				A30DBBE81D927C930006744F /* Release */,
			);
			defaultConfigurationIsVisible = 0;
		};
		A30DBBE91D927C930006744F /* Build configuration list for PBXNativeTarget "TransitionSegmentTests" */ = {
			isa = XCConfigurationList;
			buildConfigurations = (
				A30DBBEA1D927C930006744F /* Debug */,
				A30DBBEB1D927C930006744F /* Release */,
			);
			defaultConfigurationIsVisible = 0;
		};
		A30DBBEC1D927C930006744F /* Build configuration list for PBXNativeTarget "TransitionSegmentUITests" */ = {
			isa = XCConfigurationList;
			buildConfigurations = (
				A30DBBED1D927C930006744F /* Debug */,
				A30DBBEE1D927C930006744F /* Release */,
			);
			defaultConfigurationIsVisible = 0;
		};
/* End XCConfigurationList section */
	};
	rootObject = A30DBBB61D927C930006744F /* Project object */;
}
